
Microsoft Visual Studio Solution File, Format Version 12.00
# Visual Studio Version 17
VisualStudioVersion = 17.6.33829.357
MinimumVisualStudioVersion = 10.0.40219.1
Project("{FAE04EC0-301F-11D3-BF4B-00C04F79EFBC}") = "MultiPage", "MultiPage\MultiPage.csproj", "{2BD21B65-2750-4035-8E8B-93CB8412C500}"
EndProject
Global
	GlobalSection(SolutionConfigurationPlatforms) = preSolution
		Debug|Any CPU = Debug|Any CPU
		Release|Any CPU = Release|Any CPU
	EndGlobalSection
	GlobalSection(ProjectConfigurationPlatforms) = postSolution
		{2BD21B65-2750-4035-8E8B-93CB8412C500}.Debug|Any CPU.ActiveCfg = Debug|Any CPU
		{2BD21B65-2750-4035-8E8B-93CB8412C500}.Debug|Any CPU.Build.0 = Debug|Any CPU
		{2BD21B65-2750-4035-8E8B-93CB8412C500}.Release|Any CPU.ActiveCfg = Release|Any CPU
		{2BD21B65-2750-4035-8E8B-93CB8412C500}.Release|Any CPU.Build.0 = Release|Any CPU
	EndGlobalSection
	GlobalSection(SolutionProperties) = preSolution
		HideSolutionNode = FALSE
	EndGlobalSection
	GlobalSection(ExtensibilityGlobals) = postSolution
		SolutionGuid = {838119E6-F3BF-41DC-A226-4D9783FBEB21}
	EndGlobalSection
EndGlobal
